// !$*UTF8*$!
{
	archiveVersion = 1;
	classes = {
	};
	objectVersion = 50;
	objects = {

/* Begin PBXBuildFile section */
		A3876984244E63D9007CE0CF /* AppDelegate.swift in Sources */ = {isa = PBXBuildFile; fileRef = A3876983244E63D9007CE0CF /* AppDelegate.swift */; };
		A3876986244E63D9007CE0CF /* SceneDelegate.swift in Sources */ = {isa = PBXBuildFile; fileRef = A3876985244E63D9007CE0CF /* SceneDelegate.swift */; };
		A3876988244E63D9007CE0CF /* ViewController.swift in Sources */ = {isa = PBXBuildFile; fileRef = A3876987244E63D9007CE0CF /* ViewController.swift */; };
		A387698B244E63D9007CE0CF /* Main.storyboard in Resources */ = {isa = PBXBuildFile; fileRef = A3876989244E63D9007CE0CF /* Main.storyboard */; };
		A387698D244E63DA007CE0CF /* Assets.xcassets in Resources */ = {isa = PBXBuildFile; fileRef = A387698C244E63DA007CE0CF /* Assets.xcassets */; };
		A3876990244E63DA007CE0CF /* LaunchScreen.storyboard in Resources */ = {isa = PBXBuildFile; fileRef = A387698E244E63DA007CE0CF /* LaunchScreen.storyboard */; };
/* End PBXBuildFile section */

/* Begin PBXFileReference section */
		A3876980244E63D9007CE0CF /* MyToDoSlideApp.app */ = {isa = PBXFileReference; explicitFileType = wrapper.application; includeInIndex = 0; path = MyToDoSlideApp.app; sourceTree = BUILT_PRODUCTS_DIR; };
		A3876983244E63D9007CE0CF /* AppDelegate.swift */ = {isa = PBXFileReference; lastKnownFileType = sourcecode.swift; path = AppDelegate.swift; sourceTree = "<group>"; };
		A3876985244E63D9007CE0CF /* SceneDelegate.swift */ = {isa = PBXFileReference; lastKnownFileType = sourcecode.swift; path = SceneDelegate.swift; sourceTree = "<group>"; };
		A3876987244E63D9007CE0CF /* ViewController.swift */ = {isa = PBXFileReference; lastKnownFileType = sourcecode.swift; path = ViewController.swift; sourceTree = "<group>"; };
		A387698A244E63D9007CE0CF /* Base */ = {isa = PBXFileReference; lastKnownFileType = file.storyboard; name = Base; path = Base.lproj/Main.storyboard; sourceTree = "<group>"; };
		A387698C244E63DA007CE0CF /* Assets.xcassets */ = {isa = PBXFileReference; lastKnownFileType = folder.assetcatalog; path = Assets.xcassets; sourceTree = "<group>"; };
		A387698F244E63DA007CE0CF /* Base */ = {isa = PBXFileReference; lastKnownFileType = file.storyboard; name = Base; path = Base.lproj/LaunchScreen.storyboard; sourceTree = "<group>"; };
		A3876991244E63DA007CE0CF /* Info.plist */ = {isa = PBXFileReference; lastKnownFileType = text.plist.xml; path = Info.plist; sourceTree = "<group>"; };
/* End PBXFileReference section */

/* Begin PBXFrameworksBuildPhase section */
		A387697D244E63D9007CE0CF /* Frameworks */ = {
			isa = PBXFrameworksBuildPhase;
			buildActionMask = 2147483647;
			files = (
			);
			runOnlyForDeploymentPostprocessing = 0;
		};
/* End PBXFrameworksBuildPhase section */

/* Begin PBXGroup section */
		A3876977244E63D9007CE0CF = {
			isa = PBXGroup;
			children = (
				A3876982244E63D9007CE0CF /* MyToDoSlideApp */,
				A3876981244E63D9007CE0CF /* Products */,
			);
			sourceTree = "<group>";
		};
		A3876981244E63D9007CE0CF /* Products */ = {
			isa = PBXGroup;
			children = (
				A3876980244E63D9007CE0CF /* MyToDoSlideApp.app */,
			);
			name = Products;
			sourceTree = "<group>";
		};
		A3876982244E63D9007CE0CF /* MyToDoSlideApp */ = {
			isa = PBXGroup;
			children = (
				A3876983244E63D9007CE0CF /* AppDelegate.swift */,
				A3876985244E63D9007CE0CF /* SceneDelegate.swift */,
				A3876987244E63D9007CE0CF /* ViewController.swift */,
				A3876989244E63D9007CE0CF /* Main.storyboard */,
				A387698C244E63DA007CE0CF /* Assets.xcassets */,
				A387698E244E63DA007CE0CF /* LaunchScreen.storyboard */,
				A3876991244E63DA007CE0CF /* Info.plist */,
			);
			path = MyToDoSlideApp;
			sourceTree = "<group>";
		};
/* End PBXGroup section */

/* Begin PBXNativeTarget section */
		A387697F244E63D9007CE0CF /* MyToDoSlideApp */ = {
			isa = PBXNativeTarget;
			buildConfigurationList = A3876994244E63DA007CE0CF /* Build configuration list for PBXNativeTarget "MyToDoSlideApp" */;
			buildPhases = (
				A387697C244E63D9007CE0CF /* Sources */,
				A387697D244E63D9007CE0CF /* Frameworks */,
				A387697E244E63D9007CE0CF /* Resources */,
			);
			buildRules = (
			);
			dependencies = (
			);
			name = MyToDoSlideApp;
			productName = MyToDoSlideApp;
			productReference = A3876980244E63D9007CE0CF /* MyToDoSlideApp.app */;
			productType = "com.apple.product-type.application";
		};
/* End PBXNativeTarget section */

/* Begin PBXProject section */
		A3876978244E63D9007CE0CF /* Project object */ = {
			isa = PBXProject;
			attributes = {
				LastSwiftUpdateCheck = 1140;
				LastUpgradeCheck = 1140;
				ORGANIZATIONNAME = "Kato Ryota ";
				TargetAttributes = {
					A387697F244E63D9007CE0CF = {
						CreatedOnToolsVersion = 11.4;
					};
				};
			};
			buildConfigurationList = A387697B244E63D9007CE0CF /* Build configuration list for PBXProject "MyToDoSlideApp" */;
			compatibilityVersion = "Xcode 9.3";
			developmentRegion = en;
			hasScannedForEncodings = 0;
			knownRegions = (
				en,
				Base,
			);
			mainGroup = A3876977244E63D9007CE0CF;
			productRefGroup = A3876981244E63D9007CE0CF /* Products */;
			projectDirPath = "";
			projectRoot = "";
			targets = (
				A387697F244E63D9007CE0CF /* MyToDoSlideApp */,
			);
		};
/* End PBXProject section */

/* Begin PBXResourcesBuildPhase section */
		A387697E244E63D9007CE0CF /* Resources */ = {
			isa = PBXResourcesBuildPhase;
			buildActionMask = 2147483647;
			files = (
				A3876990244E63DA007CE0CF /* LaunchScreen.storyboard in Resources */,
				A387698D244E63DA007CE0CF /* Assets.xcassets in Resources */,
				A387698B244E63D9007CE0CF /* Main.storyboard in Resources */,
			);
			runOnlyForDeploymentPostprocessing = 0;
		};
/* End PBXResourcesBuildPhase section */

/* Begin PBXSourcesBuildPhase section */
		A387697C244E63D9007CE0CF /* Sources */ = {
			isa = PBXSourcesBuildPhase;
			buildActionMask = 2147483647;
			files = (
				A3876988244E63D9007CE0CF /* ViewController.swift in Sources */,
				A3876984244E63D9007CE0CF /* AppDelegate.swift in Sources */,
				A3876986244E63D9007CE0CF /* SceneDelegate.swift in Sources */,
			);
			runOnlyForDeploymentPostprocessing = 0;
		};
/* End PBXSourcesBuildPhase section */

/* Begin PBXVariantGroup section */
		A3876989244E63D9007CE0CF /* Main.storyboard */ = {
			isa = PBXVariantGroup;
			children = (
				A387698A244E63D9007CE0CF /* Base */,
			);
			name = Main.storyboard;
			sourceTree = "<group>";
		};
		A387698E244E63DA007CE0CF /* LaunchScreen.storyboard */ = {
			isa = PBXVariantGroup;
			children = (
				A387698F244E63DA007CE0CF /* Base */,
			);
			name = LaunchScreen.storyboard;
			sourceTree = "<group>";
		};
/* End PBXVariantGroup section */

/* Begin XCBuildConfiguration section */
		A3876992244E63DA007CE0CF /* Debug */ = {
			isa = XCBuildConfiguration;
			buildSettings = {
				ALWAYS_SEARCH_USER_PATHS = NO;
				CLANG_ANALYZER_NONNULL = YES;
				CLANG_ANALYZER_NUMBER_OBJECT_CONVERSION = YES_AGGRESSIVE;
				CLANG_CXX_LANGUAGE_STANDARD = "gnu++14";
				CLANG_CXX_LIBRARY = "libc++";
				CLANG_ENABLE_MODULES = YES;
				CLANG_ENABLE_OBJC_ARC = YES;
				CLANG_ENABLE_OBJC_WEAK = YES;
				CLANG_WARN_BLOCK_CAPTURE_AUTORELEASING = YES;
				CLANG_WARN_BOOL_CONVERSION = YES;
				CLANG_WARN_COMMA = YES;
				CLANG_WARN_CONSTANT_CONVERSION = YES;
				CLANG_WARN_DEPRECATED_OBJC_IMPLEMENTATIONS = YES;
				CLANG_WARN_DIRECT_OBJC_ISA_USAGE = YES_ERROR;
				CLANG_WARN_DOCUMENTATION_COMMENTS = YES;
				CLANG_WARN_EMPTY_BODY = YES;
				CLANG_WARN_ENUM_CONVERSION = YES;
				CLANG_WARN_INFINITE_RECURSION = YES;
				CLANG_WARN_INT_CONVERSION = YES;
				CLANG_WARN_NON_LITERAL_NULL_CONVERSION = YES;
				CLANG_WARN_OBJC_IMPLICIT_RETAIN_SELF = YES;
				CLANG_WARN_OBJC_LITERAL_CONVERSION = YES;
				CLANG_WARN_OBJC_ROOT_CLASS = YES_ERROR;
				CLANG_WARN_RANGE_LOOP_ANALYSIS = YES;
				CLANG_WARN_STRICT_PROTOTYPES = YES;
				CLANG_WARN_SUSPICIOUS_MOVE = YES;
				CLANG_WARN_UNGUARDED_AVAILABILITY = YES_AGGRESSIVE;
				CLANG_WARN_UNREACHABLE_CODE = YES;
				CLANG_WARN__DUPLICATE_METHOD_MATCH = YES;
				COPY_PHASE_STRIP = NO;
				DEBUG_INFORMATION_FORMAT = dwarf;
				ENABLE_STRICT_OBJC_MSGSEND = YES;
				ENABLE_TESTABILITY = YES;
				GCC_C_LANGUAGE_STANDARD = gnu11;
				GCC_DYNAMIC_NO_PIC = NO;
				GCC_NO_COMMON_BLOCKS = YES;
				GCC_OPTIMIZATION_LEVEL = 0;
				GCC_PREPROCESSOR_DEFINITIONS = (
					"DEBUG=1",
					"$(inherited)",
				);
				GCC_WARN_64_TO_32_BIT_CONVERSION = YES;
				GCC_WARN_ABOUT_RETURN_TYPE = YES_ERROR;
				GCC_WARN_UNDECLARED_SELECTOR = YES;
				GCC_WARN_UNINITIALIZED_AUTOS = YES_AGGRESSIVE;
				GCC_WARN_UNUSED_FUNCTION = YES;
				GCC_WARN_UNUSED_VARIABLE = YES;
				IPHONEOS_DEPLOYMENT_TARGET = 13.4;
				MTL_ENABLE_DEBUG_INFO = INCLUDE_SOURCE;
				MTL_FAST_MATH = YES;
				ONLY_ACTIVE_ARCH = YES;
				SDKROOT = iphoneos;
				SWIFT_ACTIVE_COMPILATION_CONDITIONS = DEBUG;
				SWIFT_OPTIMIZATION_LEVEL = "-Onone";
			};
			name = Debug;
		};
		A3876993244E63DA007CE0CF /* Release */ = {
			isa = XCBuildConfiguration;
			buildSettings = {
				ALWAYS_SEARCH_USER_PATHS = NO;
				CLANG_ANALYZER_NONNULL = YES;
				CLANG_ANALYZER_NUMBER_OBJECT_CONVERSION = YES_AGGRESSIVE;
				CLANG_CXX_LANGUAGE_STANDARD = "gnu++14";
				CLANG_CXX_LIBRARY = "libc++";
				CLANG_ENABLE_MODULES = YES;
				CLANG_ENABLE_OBJC_ARC = YES;
				CLANG_ENABLE_OBJC_WEAK = YES;
				CLANG_WARN_BLOCK_CAPTURE_AUTORELEASING = YES;
				CLANG_WARN_BOOL_CONVERSION = YES;
				CLANG_WARN_COMMA = YES;
				CLANG_WARN_CONSTANT_CONVERSION = YES;
				CLANG_WARN_DEPRECATED_OBJC_IMPLEMENTATIONS = YES;
				CLANG_WARN_DIRECT_OBJC_ISA_USAGE = YES_ERROR;
				CLANG_WARN_DOCUMENTATION_COMMENTS = YES;
				CLANG_WARN_EMPTY_BODY = YES;
				CLANG_WARN_ENUM_CONVERSION = YES;
				CLANG_WARN_INFINITE_RECURSION = YES;
				CLANG_WARN_INT_CONVERSION = YES;
				CLANG_WARN_NON_LITERAL_NULL_CONVERSION = YES;
				CLANG_WARN_OBJC_IMPLICIT_RETAIN_SELF = YES;
				CLANG_WARN_OBJC_LITERAL_CONVERSION = YES;
				CLANG_WARN_OBJC_ROOT_CLASS = YES_ERROR;
				CLANG_WARN_RANGE_LOOP_ANALYSIS = YES;
				CLANG_WARN_STRICT_PROTOTYPES = YES;
				CLANG_WARN_SUSPICIOUS_MOVE = YES;
				CLANG_WARN_UNGUARDED_AVAILABILITY = YES_AGGRESSIVE;
				CLANG_WARN_UNREACHABLE_CODE = YES;
				CLANG_WARN__DUPLICATE_METHOD_MATCH = YES;
				COPY_PHASE_STRIP = NO;
				DEBUG_INFORMATION_FORMAT = "dwarf-with-dsym";
				ENABLE_NS_ASSERTIONS = NO;
				ENABLE_STRICT_OBJC_MSGSEND = YES;
				GCC_C_LANGUAGE_STANDARD = gnu11;
				GCC_NO_COMMON_BLOCKS = YES;
				GCC_WARN_64_TO_32_BIT_CONVERSION = YES;
				GCC_WARN_ABOUT_RETURN_TYPE = YES_ERROR;
				GCC_WARN_UNDECLARED_SELECTOR = YES;
				GCC_WARN_UNINITIALIZED_AUTOS = YES_AGGRESSIVE;
				GCC_WARN_UNUSED_FUNCTION = YES;
				GCC_WARN_UNUSED_VARIABLE = YES;
				IPHONEOS_DEPLOYMENT_TARGET = 13.4;
				MTL_ENABLE_DEBUG_INFO = NO;
				MTL_FAST_MATH = YES;
				SDKROOT = iphoneos;
				SWIFT_COMPILATION_MODE = wholemodule;
				SWIFT_OPTIMIZATION_LEVEL = "-O";
				VALIDATE_PRODUCT = YES;
			};
			name = Release;
		};
		A3876995244E63DA007CE0CF /* Debug */ = {
			isa = XCBuildConfiguration;
			buildSettings = {
				ASSETCATALOG_COMPILER_APPICON_NAME = AppIcon;
				CODE_SIGN_STYLE = Automatic;
				DEVELOPMENT_TEAM = LNS98YKMJ2;
				INFOPLIST_FILE = MyToDoSlideApp/Info.plist;
				LD_RUNPATH_SEARCH_PATHS = (
					"$(inherited)",
					"@executable_path/Frameworks",
				);
				PRODUCT_BUNDLE_IDENTIFIER = com.ryota0913.MyToDoSlideApp;
				PRODUCT_NAME = "$(TARGET_NAME)";
				SWIFT_VERSION = 5.0;
				TARGETED_DEVICE_FAMILY = "1,2";
			};
			name = Debug;
		};
		A3876996244E63DA007CE0CF /* Release */ = {
			isa = XCBuildConfiguration;
			buildSettings = {
				ASSETCATALOG_COMPILER_APPICON_NAME = AppIcon;
				CODE_SIGN_STYLE = Automatic;
				DEVELOPMENT_TEAM = LNS98YKMJ2;
				INFOPLIST_FILE = MyToDoSlideApp/Info.plist;
				LD_RUNPATH_SEARCH_PATHS = (
					"$(inherited)",
					"@executable_path/Frameworks",
				);
				PRODUCT_BUNDLE_IDENTIFIER = com.ryota0913.MyToDoSlideApp;
				PRODUCT_NAME = "$(TARGET_NAME)";
				SWIFT_VERSION = 5.0;
				TARGETED_DEVICE_FAMILY = "1,2";
			};
			name = Release;
		};
/* End XCBuildConfiguration section */

/* Begin XCConfigurationList section */
		A387697B244E63D9007CE0CF /* Build configuration list for PBXProject "MyToDoSlideApp" */ = {
			isa = XCConfigurationList;
			buildConfigurations = (
				A3876992244E63DA007CE0CF /* Debug */,
				A3876993244E63DA007CE0CF /* Release */,
			);
			defaultConfigurationIsVisible = 0;
			defaultConfigurationName = Release;
		};
		A3876994244E63DA007CE0CF /* Build configuration list for PBXNativeTarget "MyToDoSlideApp" */ = {
			isa = XCConfigurationList;
			buildConfigurations = (
				A3876995244E63DA007CE0CF /* Debug */,
				A3876996244E63DA007CE0CF /* Release */,
			);
			defaultConfigurationIsVisible = 0;
			defaultConfigurationName = Release;
		};
/* End XCConfigurationList section */
	};
	rootObject = A3876978244E63D9007CE0CF /* Project object */;
}
